
Microsoft Visual Studio Solution File, Format Version 12.00
# Visual Studio Version 16
VisualStudioVersion = 16.0.30804.86
MinimumVisualStudioVersion = 10.0.40219.1
Project("{FAE04EC0-301F-11D3-BF4B-00C04F79EFBC}") = "EStore", "EStore\EStore.csproj", "{2ADBA982-0012-46AE-A136-4C46CAC42ED3}"
EndProject
Project("{FAE04EC0-301F-11D3-BF4B-00C04F79EFBC}") = "EStore-BO", "EStore-BO\EStore-BO.csproj", "{43CFCF44-97E9-44D1-AECE-913F19EA5B89}"
EndProject
Project("{FAE04EC0-301F-11D3-BF4B-00C04F79EFBC}") = "EStore-BLL", "EStore-BLL\EStore-BLL.csproj", "{2A787DC3-1F39-404C-9648-52952A8083FA}"
EndProject
Project("{FAE04EC0-301F-11D3-BF4B-00C04F79EFBC}") = "EStore-DAL", "EStore-DAL\EStore-DAL.csproj", "{1DD8E704-41B0-4D04-9EBA-F2FBCFE8FD07}"
EndProject
Project("{FAE04EC0-301F-11D3-BF4B-00C04F79EFBC}") = "EStore-BusinessLogicLayer", "EStore-BusinessLogicLayer\EStore-BusinessLogicLayer.csproj", "{6439E4B4-089F-424B-B3C8-06F84B9BA201}"
EndProject
Project("{FAE04EC0-301F-11D3-BF4B-00C04F79EFBC}") = "EStore-BusinessObjects", "EStore-BusinessObjects\EStore-BusinessObjects.csproj", "{E4B794A4-9F55-4F6D-8A5C-707C82C2DE8B}"
EndProject
Project("{FAE04EC0-301F-11D3-BF4B-00C04F79EFBC}") = "EStore-DataAccessLayer", "EStore-DataAccessLayer\EStore-DataAccessLayer.csproj", "{473490EB-A3FD-40E0-AC05-5A08F3960C4C}"
EndProject
Global
	GlobalSection(SolutionConfigurationPlatforms) = preSolution
		Debug|Any CPU = Debug|Any CPU
		Release|Any CPU = Release|Any CPU
	EndGlobalSection
	GlobalSection(ProjectConfigurationPlatforms) = postSolution
		{2ADBA982-0012-46AE-A136-4C46CAC42ED3}.Debug|Any CPU.ActiveCfg = Debug|Any CPU
		{2ADBA982-0012-46AE-A136-4C46CAC42ED3}.Debug|Any CPU.Build.0 = Debug|Any CPU
		{2ADBA982-0012-46AE-A136-4C46CAC42ED3}.Release|Any CPU.ActiveCfg = Release|Any CPU
		{2ADBA982-0012-46AE-A136-4C46CAC42ED3}.Release|Any CPU.Build.0 = Release|Any CPU
		{43CFCF44-97E9-44D1-AECE-913F19EA5B89}.Debug|Any CPU.ActiveCfg = Debug|Any CPU
		{43CFCF44-97E9-44D1-AECE-913F19EA5B89}.Debug|Any CPU.Build.0 = Debug|Any CPU
		{43CFCF44-97E9-44D1-AECE-913F19EA5B89}.Release|Any CPU.ActiveCfg = Release|Any CPU
		{43CFCF44-97E9-44D1-AECE-913F19EA5B89}.Release|Any CPU.Build.0 = Release|Any CPU
		{2A787DC3-1F39-404C-9648-52952A8083FA}.Debug|Any CPU.ActiveCfg = Debug|Any CPU
		{2A787DC3-1F39-404C-9648-52952A8083FA}.Debug|Any CPU.Build.0 = Debug|Any CPU
		{2A787DC3-1F39-404C-9648-52952A8083FA}.Release|Any CPU.ActiveCfg = Release|Any CPU
		{2A787DC3-1F39-404C-9648-52952A8083FA}.Release|Any CPU.Build.0 = Release|Any CPU
		{1DD8E704-41B0-4D04-9EBA-F2FBCFE8FD07}.Debug|Any CPU.ActiveCfg = Debug|Any CPU
		{1DD8E704-41B0-4D04-9EBA-F2FBCFE8FD07}.Debug|Any CPU.Build.0 = Debug|Any CPU
		{1DD8E704-41B0-4D04-9EBA-F2FBCFE8FD07}.Release|Any CPU.ActiveCfg = Release|Any CPU
		{1DD8E704-41B0-4D04-9EBA-F2FBCFE8FD07}.Release|Any CPU.Build.0 = Release|Any CPU
		{6439E4B4-089F-424B-B3C8-06F84B9BA201}.Debug|Any CPU.ActiveCfg = Debug|Any CPU
		{6439E4B4-089F-424B-B3C8-06F84B9BA201}.Debug|Any CPU.Build.0 = Debug|Any CPU
		{6439E4B4-089F-424B-B3C8-06F84B9BA201}.Release|Any CPU.ActiveCfg = Release|Any CPU
		{6439E4B4-089F-424B-B3C8-06F84B9BA201}.Release|Any CPU.Build.0 = Release|Any CPU
		{E4B794A4-9F55-4F6D-8A5C-707C82C2DE8B}.Debug|Any CPU.ActiveCfg = Debug|Any CPU
		{E4B794A4-9F55-4F6D-8A5C-707C82C2DE8B}.Debug|Any CPU.Build.0 = Debug|Any CPU
		{E4B794A4-9F55-4F6D-8A5C-707C82C2DE8B}.Release|Any CPU.ActiveCfg = Release|Any CPU
		{E4B794A4-9F55-4F6D-8A5C-707C82C2DE8B}.Release|Any CPU.Build.0 = Release|Any CPU
		{473490EB-A3FD-40E0-AC05-5A08F3960C4C}.Debug|Any CPU.ActiveCfg = Debug|Any CPU
		{473490EB-A3FD-40E0-AC05-5A08F3960C4C}.Debug|Any CPU.Build.0 = Debug|Any CPU
		{473490EB-A3FD-40E0-AC05-5A08F3960C4C}.Release|Any CPU.ActiveCfg = Release|Any CPU
		{473490EB-A3FD-40E0-AC05-5A08F3960C4C}.Release|Any CPU.Build.0 = Release|Any CPU
	EndGlobalSection
	GlobalSection(SolutionProperties) = preSolution
		HideSolutionNode = FALSE
	EndGlobalSection
	GlobalSection(ExtensibilityGlobals) = postSolution
		SolutionGuid = {FF835D8D-A1DE-49B3-84CE-7D8A14754CB5}
	EndGlobalSection
EndGlobal
