
Microsoft Visual Studio Solution File, Format Version 12.00
# Visual Studio Version 16
VisualStudioVersion = 16.0.30804.86
MinimumVisualStudioVersion = 10.0.40219.1
Project("{FAE04EC0-301F-11D3-BF4B-00C04F79EFBC}") = "EStoreDataAccessLayer", "EStoreDataAccessLayer\EStoreDataAccessLayer.csproj", "{64ED0297-221C-47BE-9CD5-83DF5F5D1001}"
EndProject
Project("{FAE04EC0-301F-11D3-BF4B-00C04F79EFBC}") = "EStoreBusinessObjects", "EStoreBusinessObjects\EStoreBusinessObjects.csproj", "{D2430B39-41E3-405B-AAE1-27C9E6676206}"
EndProject
Project("{FAE04EC0-301F-11D3-BF4B-00C04F79EFBC}") = "EStoreBusinessLogicLayer", "EStoreBusinessLogicLayer\EStoreBusinessLogicLayer.csproj", "{C756DA6D-900E-447A-82AD-9B0DC04C757E}"
EndProject
Project("{FAE04EC0-301F-11D3-BF4B-00C04F79EFBC}") = "EStore", "EStore\EStore.csproj", "{BE3D4B79-21F7-4AED-8A3D-877129887AE0}"
EndProject
Global
	GlobalSection(SolutionConfigurationPlatforms) = preSolution
		Debug|Any CPU = Debug|Any CPU
		Debug|x86 = Debug|x86
		Release|Any CPU = Release|Any CPU
		Release|x86 = Release|x86
	EndGlobalSection
	GlobalSection(ProjectConfigurationPlatforms) = postSolution
		{64ED0297-221C-47BE-9CD5-83DF5F5D1001}.Debug|Any CPU.ActiveCfg = Debug|Any CPU
		{64ED0297-221C-47BE-9CD5-83DF5F5D1001}.Debug|Any CPU.Build.0 = Debug|Any CPU
		{64ED0297-221C-47BE-9CD5-83DF5F5D1001}.Debug|x86.ActiveCfg = Debug|Any CPU
		{64ED0297-221C-47BE-9CD5-83DF5F5D1001}.Debug|x86.Build.0 = Debug|Any CPU
		{64ED0297-221C-47BE-9CD5-83DF5F5D1001}.Release|Any CPU.ActiveCfg = Release|Any CPU
		{64ED0297-221C-47BE-9CD5-83DF5F5D1001}.Release|Any CPU.Build.0 = Release|Any CPU
		{64ED0297-221C-47BE-9CD5-83DF5F5D1001}.Release|x86.ActiveCfg = Release|Any CPU
		{64ED0297-221C-47BE-9CD5-83DF5F5D1001}.Release|x86.Build.0 = Release|Any CPU
		{D2430B39-41E3-405B-AAE1-27C9E6676206}.Debug|Any CPU.ActiveCfg = Debug|Any CPU
		{D2430B39-41E3-405B-AAE1-27C9E6676206}.Debug|Any CPU.Build.0 = Debug|Any CPU
		{D2430B39-41E3-405B-AAE1-27C9E6676206}.Debug|x86.ActiveCfg = Debug|Any CPU
		{D2430B39-41E3-405B-AAE1-27C9E6676206}.Debug|x86.Build.0 = Debug|Any CPU
		{D2430B39-41E3-405B-AAE1-27C9E6676206}.Release|Any CPU.ActiveCfg = Release|Any CPU
		{D2430B39-41E3-405B-AAE1-27C9E6676206}.Release|Any CPU.Build.0 = Release|Any CPU
		{D2430B39-41E3-405B-AAE1-27C9E6676206}.Release|x86.ActiveCfg = Release|Any CPU
		{D2430B39-41E3-405B-AAE1-27C9E6676206}.Release|x86.Build.0 = Release|Any CPU
		{C756DA6D-900E-447A-82AD-9B0DC04C757E}.Debug|Any CPU.ActiveCfg = Debug|Any CPU
		{C756DA6D-900E-447A-82AD-9B0DC04C757E}.Debug|Any CPU.Build.0 = Debug|Any CPU
		{C756DA6D-900E-447A-82AD-9B0DC04C757E}.Debug|x86.ActiveCfg = Debug|Any CPU
		{C756DA6D-900E-447A-82AD-9B0DC04C757E}.Debug|x86.Build.0 = Debug|Any CPU
		{C756DA6D-900E-447A-82AD-9B0DC04C757E}.Release|Any CPU.ActiveCfg = Release|Any CPU
		{C756DA6D-900E-447A-82AD-9B0DC04C757E}.Release|Any CPU.Build.0 = Release|Any CPU
		{C756DA6D-900E-447A-82AD-9B0DC04C757E}.Release|x86.ActiveCfg = Release|Any CPU
		{C756DA6D-900E-447A-82AD-9B0DC04C757E}.Release|x86.Build.0 = Release|Any CPU
		{BE3D4B79-21F7-4AED-8A3D-877129887AE0}.Debug|Any CPU.ActiveCfg = Debug|Any CPU
		{BE3D4B79-21F7-4AED-8A3D-877129887AE0}.Debug|Any CPU.Build.0 = Debug|Any CPU
		{BE3D4B79-21F7-4AED-8A3D-877129887AE0}.Debug|x86.ActiveCfg = Debug|x86
		{BE3D4B79-21F7-4AED-8A3D-877129887AE0}.Debug|x86.Build.0 = Debug|x86
		{BE3D4B79-21F7-4AED-8A3D-877129887AE0}.Release|Any CPU.ActiveCfg = Release|x86
		{BE3D4B79-21F7-4AED-8A3D-877129887AE0}.Release|x86.ActiveCfg = Release|x86
		{BE3D4B79-21F7-4AED-8A3D-877129887AE0}.Release|x86.Build.0 = Release|x86
	EndGlobalSection
	GlobalSection(SolutionProperties) = preSolution
		HideSolutionNode = FALSE
	EndGlobalSection
	GlobalSection(ExtensibilityGlobals) = postSolution
		SolutionGuid = {FF835D8D-A1DE-49B3-84CE-7D8A14754CB5}
	EndGlobalSection
EndGlobal
